
Microsoft Visual Studio Solution File, Format Version 12.00
# Visual Studio 15
VisualStudioVersion = 15.0.28307.1209
MinimumVisualStudioVersion = 10.0.40219.1
Project("{FAE04EC0-301F-11D3-BF4B-00C04F79EFBC}") = "Cadastro de Fornecedores", "Cadastro de Fornecedores.csproj", "{DA53735A-7BF1-460E-B2E2-FA4371D5B749}"
EndProject
Global
	GlobalSection(SolutionConfigurationPlatforms) = preSolution
		Debug|Any CPU = Debug|Any CPU
		Release|Any CPU = Release|Any CPU
	EndGlobalSection
	GlobalSection(ProjectConfigurationPlatforms) = postSolution
		{DA53735A-7BF1-460E-B2E2-FA4371D5B749}.Debug|Any CPU.ActiveCfg = Debug|Any CPU
		{DA53735A-7BF1-460E-B2E2-FA4371D5B749}.Debug|Any CPU.Build.0 = Debug|Any CPU
		{DA53735A-7BF1-460E-B2E2-FA4371D5B749}.Release|Any CPU.ActiveCfg = Release|Any CPU
		{DA53735A-7BF1-460E-B2E2-FA4371D5B749}.Release|Any CPU.Build.0 = Release|Any CPU
	EndGlobalSection
	GlobalSection(SolutionProperties) = preSolution
		HideSolutionNode = FALSE
	EndGlobalSection
	GlobalSection(ExtensibilityGlobals) = postSolution
		SolutionGuid = {AD90AFC8-954E-4E17-949B-09E6F3D00529}
	EndGlobalSection
EndGlobal
